
Microsoft Visual Studio Solution File, Format Version 12.00
# Visual Studio Version 17
VisualStudioVersion = 17.2.32616.157
MinimumVisualStudioVersion = 10.0.40219.1
Project("{FAE04EC0-301F-11D3-BF4B-00C04F79EFBC}") = "AppInterfaces", "AppInterfaces.csproj", "{D39C2361-5C28-4FCB-9EC3-00E0E6B784D1}"
EndProject
Global
	GlobalSection(SolutionConfigurationPlatforms) = preSolution
		Debug|Any CPU = Debug|Any CPU
		Release|Any CPU = Release|Any CPU
	EndGlobalSection
	GlobalSection(ProjectConfigurationPlatforms) = postSolution
		{D39C2361-5C28-4FCB-9EC3-00E0E6B784D1}.Debug|Any CPU.ActiveCfg = Debug|Any CPU
		{D39C2361-5C28-4FCB-9EC3-00E0E6B784D1}.Debug|Any CPU.Build.0 = Debug|Any CPU
		{D39C2361-5C28-4FCB-9EC3-00E0E6B784D1}.Release|Any CPU.ActiveCfg = Release|Any CPU
		{D39C2361-5C28-4FCB-9EC3-00E0E6B784D1}.Release|Any CPU.Build.0 = Release|Any CPU
	EndGlobalSection
	GlobalSection(SolutionProperties) = preSolution
		HideSolutionNode = FALSE
	EndGlobalSection
	GlobalSection(ExtensibilityGlobals) = postSolution
		SolutionGuid = {4F8D4D5B-9254-49E5-8AA3-FAEA372405EC}
	EndGlobalSection
EndGlobal
